
Microsoft Visual Studio Solution File, Format Version 12.00
Project("{2150E333-8FDC-42A3-9474-1A3956D46DE8}") = "src", "src", "{EEABAF50-E29C-4424-B207-43C8534EB131}"
EndProject
Project("{2150E333-8FDC-42A3-9474-1A3956D46DE8}") = "tests", "tests", "{2DD18CEA-A937-4A4C-9F28-5A350E3AF182}"
EndProject
Project("{2150E333-8FDC-42A3-9474-1A3956D46DE8}") = "Domain", "Domain", "{42299E0B-19FF-4416-96A1-F88E137D1189}"
EndProject
Project("{2150E333-8FDC-42A3-9474-1A3956D46DE8}") = "Application", "Application", "{BF188799-DA9B-458D-B290-D3CF5630857C}"
EndProject
Project("{2150E333-8FDC-42A3-9474-1A3956D46DE8}") = "Infrastructure", "Infrastructure", "{23FCA160-3F5F-4BC0-867D-71FEB0C21271}"
EndProject
Project("{2150E333-8FDC-42A3-9474-1A3956D46DE8}") = "Presentation", "Presentation", "{9BAB97D1-2A60-4AF8-9DB9-3810F8364B2D}"
EndProject
Project("{2150E333-8FDC-42A3-9474-1A3956D46DE8}") = "Playground", "Playground", "{907F152B-4CB7-48FA-9F08-3591E8DBE29E}"
EndProject
Project("{FAE04EC0-301F-11D3-BF4B-00C04F79EFBC}") = "Domain.Core", "src\Domain\Domain.Core\Domain.Core.csproj", "{0F170000-5942-4D4D-86BF-EA819CA2A0E7}"
EndProject
Project("{FAE04EC0-301F-11D3-BF4B-00C04F79EFBC}") = "Domain.Common", "src\Domain\Domain.Common\Domain.Common.csproj", "{92C03EB4-11E4-4E5F-B034-8428F047213B}"
EndProject
Project("{FAE04EC0-301F-11D3-BF4B-00C04F79EFBC}") = "Test.Core", "tests\Test.Core\Test.Core.csproj", "{EB0D1D41-5ED3-426A-A4A1-E3B93149A5ED}"
EndProject
Project("{FAE04EC0-301F-11D3-BF4B-00C04F79EFBC}") = "Infrastructure.Tools", "src\Infrastructure\Infrastructure.Tools\Infrastructure.Tools.csproj", "{0C438E6A-5E93-4907-B438-A2174C22E256}"
EndProject
Project("{FAE04EC0-301F-11D3-BF4B-00C04F79EFBC}") = "Infrastructure.DataAccess", "src\Infrastructure\Infrastructure.DataAccess\Infrastructure.DataAccess.csproj", "{42B68564-A20E-40B4-8591-9021ABBB8000}"
EndProject
Project("{FAE04EC0-301F-11D3-BF4B-00C04F79EFBC}") = "Application.DataAccess.Contracts", "src\Application\Application.DataAccess.Contracts\Application.DataAccess.Contracts.csproj", "{52ED80C0-0423-4958-BEA4-C3CE8B15EBB5}"
EndProject
Project("{FAE04EC0-301F-11D3-BF4B-00C04F79EFBC}") = "Domain.Kernel", "src\Domain\Domain.Kernel\Domain.Kernel.csproj", "{2CB1F38E-717E-4567-A10B-B0F72C6A4808}"
EndProject
Project("{FAE04EC0-301F-11D3-BF4B-00C04F79EFBC}") = "Application.Core", "src\Application\Application.Core\Application.Core.csproj", "{8791CAB3-2D2A-426D-9161-0E623F783A9C}"
EndProject
Project("{FAE04EC0-301F-11D3-BF4B-00C04F79EFBC}") = "Test.Handlers", "tests\Test.Handlers\Test.Handlers.csproj", "{4C4EEEFE-BB6C-4401-897C-4449A7E3560F}"
EndProject
Project("{FAE04EC0-301F-11D3-BF4B-00C04F79EFBC}") = "Test.Endpoints", "tests\Test.Endpoints\Test.Endpoints.csproj", "{29AF4C6A-D751-4990-B1B5-1F711C2D6BCF}"
EndProject
Project("{FAE04EC0-301F-11D3-BF4B-00C04F79EFBC}") = "TrusovNET.Playground", "src\Playground\TrusovNET.Playground\TrusovNET.Playground.csproj", "{55CF322A-B520-4518-B4C3-2C5CD56B686D}"
EndProject
Project("{FAE04EC0-301F-11D3-BF4B-00C04F79EFBC}") = "Application.Handlers", "src\Application\Application.Handlers\Application.Handlers.csproj", "{6875A891-BEDB-42D5-BFC7-3459B9B84F06}"
EndProject
Project("{FAE04EC0-301F-11D3-BF4B-00C04F79EFBC}") = "Presentation.Endpoints", "src\Presentation\Presentation.Endpoints\Presentation.Endpoints.csproj", "{53E9CE62-4DEA-4068-9097-B29F13282ED7}"
EndProject
Project("{FAE04EC0-301F-11D3-BF4B-00C04F79EFBC}") = "Presentation.WebAPI", "src\Presentation\Presentation.WebAPI\Presentation.WebAPI.csproj", "{01543956-3B90-4425-904D-8DF3E3E3BA2F}"
EndProject
Project("{FAE04EC0-301F-11D3-BF4B-00C04F79EFBC}") = "Application.BackgroundWorkers", "src\Application\Application.BackgroundWorkers\Application.BackgroundWorkers.csproj", "{77DAC353-64F3-4DAD-924E-CE98BEC2C1EB}"
EndProject
Global
	GlobalSection(SolutionConfigurationPlatforms) = preSolution
		Debug|Any CPU = Debug|Any CPU
		Release|Any CPU = Release|Any CPU
	EndGlobalSection
	GlobalSection(NestedProjects) = preSolution
		{0F170000-5942-4D4D-86BF-EA819CA2A0E7} = {42299E0B-19FF-4416-96A1-F88E137D1189}
		{92C03EB4-11E4-4E5F-B034-8428F047213B} = {42299E0B-19FF-4416-96A1-F88E137D1189}
		{BF188799-DA9B-458D-B290-D3CF5630857C} = {EEABAF50-E29C-4424-B207-43C8534EB131}
		{42299E0B-19FF-4416-96A1-F88E137D1189} = {EEABAF50-E29C-4424-B207-43C8534EB131}
		{23FCA160-3F5F-4BC0-867D-71FEB0C21271} = {EEABAF50-E29C-4424-B207-43C8534EB131}
		{907F152B-4CB7-48FA-9F08-3591E8DBE29E} = {EEABAF50-E29C-4424-B207-43C8534EB131}
		{9BAB97D1-2A60-4AF8-9DB9-3810F8364B2D} = {EEABAF50-E29C-4424-B207-43C8534EB131}
		{EB0D1D41-5ED3-426A-A4A1-E3B93149A5ED} = {2DD18CEA-A937-4A4C-9F28-5A350E3AF182}
		{0C438E6A-5E93-4907-B438-A2174C22E256} = {23FCA160-3F5F-4BC0-867D-71FEB0C21271}
		{42B68564-A20E-40B4-8591-9021ABBB8000} = {23FCA160-3F5F-4BC0-867D-71FEB0C21271}
		{52ED80C0-0423-4958-BEA4-C3CE8B15EBB5} = {BF188799-DA9B-458D-B290-D3CF5630857C}
		{2CB1F38E-717E-4567-A10B-B0F72C6A4808} = {42299E0B-19FF-4416-96A1-F88E137D1189}
		{8791CAB3-2D2A-426D-9161-0E623F783A9C} = {BF188799-DA9B-458D-B290-D3CF5630857C}
		{4C4EEEFE-BB6C-4401-897C-4449A7E3560F} = {2DD18CEA-A937-4A4C-9F28-5A350E3AF182}
		{29AF4C6A-D751-4990-B1B5-1F711C2D6BCF} = {2DD18CEA-A937-4A4C-9F28-5A350E3AF182}
		{55CF322A-B520-4518-B4C3-2C5CD56B686D} = {907F152B-4CB7-48FA-9F08-3591E8DBE29E}
		{6875A891-BEDB-42D5-BFC7-3459B9B84F06} = {BF188799-DA9B-458D-B290-D3CF5630857C}
		{53E9CE62-4DEA-4068-9097-B29F13282ED7} = {9BAB97D1-2A60-4AF8-9DB9-3810F8364B2D}
		{01543956-3B90-4425-904D-8DF3E3E3BA2F} = {9BAB97D1-2A60-4AF8-9DB9-3810F8364B2D}
		{77DAC353-64F3-4DAD-924E-CE98BEC2C1EB} = {BF188799-DA9B-458D-B290-D3CF5630857C}
	EndGlobalSection
	GlobalSection(ProjectConfigurationPlatforms) = postSolution
		{0F170000-5942-4D4D-86BF-EA819CA2A0E7}.Debug|Any CPU.ActiveCfg = Debug|Any CPU
		{0F170000-5942-4D4D-86BF-EA819CA2A0E7}.Debug|Any CPU.Build.0 = Debug|Any CPU
		{0F170000-5942-4D4D-86BF-EA819CA2A0E7}.Release|Any CPU.ActiveCfg = Release|Any CPU
		{0F170000-5942-4D4D-86BF-EA819CA2A0E7}.Release|Any CPU.Build.0 = Release|Any CPU
		{92C03EB4-11E4-4E5F-B034-8428F047213B}.Debug|Any CPU.ActiveCfg = Debug|Any CPU
		{92C03EB4-11E4-4E5F-B034-8428F047213B}.Debug|Any CPU.Build.0 = Debug|Any CPU
		{92C03EB4-11E4-4E5F-B034-8428F047213B}.Release|Any CPU.ActiveCfg = Release|Any CPU
		{92C03EB4-11E4-4E5F-B034-8428F047213B}.Release|Any CPU.Build.0 = Release|Any CPU
		{EB0D1D41-5ED3-426A-A4A1-E3B93149A5ED}.Debug|Any CPU.ActiveCfg = Debug|Any CPU
		{EB0D1D41-5ED3-426A-A4A1-E3B93149A5ED}.Debug|Any CPU.Build.0 = Debug|Any CPU
		{EB0D1D41-5ED3-426A-A4A1-E3B93149A5ED}.Release|Any CPU.ActiveCfg = Release|Any CPU
		{EB0D1D41-5ED3-426A-A4A1-E3B93149A5ED}.Release|Any CPU.Build.0 = Release|Any CPU
		{0C438E6A-5E93-4907-B438-A2174C22E256}.Debug|Any CPU.ActiveCfg = Debug|Any CPU
		{0C438E6A-5E93-4907-B438-A2174C22E256}.Debug|Any CPU.Build.0 = Debug|Any CPU
		{0C438E6A-5E93-4907-B438-A2174C22E256}.Release|Any CPU.ActiveCfg = Release|Any CPU
		{0C438E6A-5E93-4907-B438-A2174C22E256}.Release|Any CPU.Build.0 = Release|Any CPU
		{42B68564-A20E-40B4-8591-9021ABBB8000}.Debug|Any CPU.ActiveCfg = Debug|Any CPU
		{42B68564-A20E-40B4-8591-9021ABBB8000}.Debug|Any CPU.Build.0 = Debug|Any CPU
		{42B68564-A20E-40B4-8591-9021ABBB8000}.Release|Any CPU.ActiveCfg = Release|Any CPU
		{42B68564-A20E-40B4-8591-9021ABBB8000}.Release|Any CPU.Build.0 = Release|Any CPU
		{52ED80C0-0423-4958-BEA4-C3CE8B15EBB5}.Debug|Any CPU.ActiveCfg = Debug|Any CPU
		{52ED80C0-0423-4958-BEA4-C3CE8B15EBB5}.Debug|Any CPU.Build.0 = Debug|Any CPU
		{52ED80C0-0423-4958-BEA4-C3CE8B15EBB5}.Release|Any CPU.ActiveCfg = Release|Any CPU
		{52ED80C0-0423-4958-BEA4-C3CE8B15EBB5}.Release|Any CPU.Build.0 = Release|Any CPU
		{2CB1F38E-717E-4567-A10B-B0F72C6A4808}.Debug|Any CPU.ActiveCfg = Debug|Any CPU
		{2CB1F38E-717E-4567-A10B-B0F72C6A4808}.Debug|Any CPU.Build.0 = Debug|Any CPU
		{2CB1F38E-717E-4567-A10B-B0F72C6A4808}.Release|Any CPU.ActiveCfg = Release|Any CPU
		{2CB1F38E-717E-4567-A10B-B0F72C6A4808}.Release|Any CPU.Build.0 = Release|Any CPU
		{8791CAB3-2D2A-426D-9161-0E623F783A9C}.Debug|Any CPU.ActiveCfg = Debug|Any CPU
		{8791CAB3-2D2A-426D-9161-0E623F783A9C}.Debug|Any CPU.Build.0 = Debug|Any CPU
		{4C4EEEFE-BB6C-4401-897C-4449A7E3560F}.Debug|Any CPU.ActiveCfg = Debug|Any CPU
		{4C4EEEFE-BB6C-4401-897C-4449A7E3560F}.Debug|Any CPU.Build.0 = Debug|Any CPU
		{4C4EEEFE-BB6C-4401-897C-4449A7E3560F}.Release|Any CPU.ActiveCfg = Release|Any CPU
		{4C4EEEFE-BB6C-4401-897C-4449A7E3560F}.Release|Any CPU.Build.0 = Release|Any CPU
		{29AF4C6A-D751-4990-B1B5-1F711C2D6BCF}.Debug|Any CPU.ActiveCfg = Debug|Any CPU
		{29AF4C6A-D751-4990-B1B5-1F711C2D6BCF}.Debug|Any CPU.Build.0 = Debug|Any CPU
		{29AF4C6A-D751-4990-B1B5-1F711C2D6BCF}.Release|Any CPU.ActiveCfg = Release|Any CPU
		{29AF4C6A-D751-4990-B1B5-1F711C2D6BCF}.Release|Any CPU.Build.0 = Release|Any CPU
		{55CF322A-B520-4518-B4C3-2C5CD56B686D}.Debug|Any CPU.ActiveCfg = Debug|Any CPU
		{55CF322A-B520-4518-B4C3-2C5CD56B686D}.Debug|Any CPU.Build.0 = Debug|Any CPU
		{55CF322A-B520-4518-B4C3-2C5CD56B686D}.Release|Any CPU.ActiveCfg = Release|Any CPU
		{55CF322A-B520-4518-B4C3-2C5CD56B686D}.Release|Any CPU.Build.0 = Release|Any CPU
		{6875A891-BEDB-42D5-BFC7-3459B9B84F06}.Debug|Any CPU.ActiveCfg = Debug|Any CPU
		{6875A891-BEDB-42D5-BFC7-3459B9B84F06}.Debug|Any CPU.Build.0 = Debug|Any CPU
		{6875A891-BEDB-42D5-BFC7-3459B9B84F06}.Release|Any CPU.ActiveCfg = Release|Any CPU
		{6875A891-BEDB-42D5-BFC7-3459B9B84F06}.Release|Any CPU.Build.0 = Release|Any CPU
		{53E9CE62-4DEA-4068-9097-B29F13282ED7}.Debug|Any CPU.ActiveCfg = Debug|Any CPU
		{53E9CE62-4DEA-4068-9097-B29F13282ED7}.Debug|Any CPU.Build.0 = Debug|Any CPU
		{53E9CE62-4DEA-4068-9097-B29F13282ED7}.Release|Any CPU.ActiveCfg = Release|Any CPU
		{53E9CE62-4DEA-4068-9097-B29F13282ED7}.Release|Any CPU.Build.0 = Release|Any CPU
		{01543956-3B90-4425-904D-8DF3E3E3BA2F}.Debug|Any CPU.ActiveCfg = Debug|Any CPU
		{01543956-3B90-4425-904D-8DF3E3E3BA2F}.Debug|Any CPU.Build.0 = Debug|Any CPU
		{01543956-3B90-4425-904D-8DF3E3E3BA2F}.Release|Any CPU.ActiveCfg = Release|Any CPU
		{01543956-3B90-4425-904D-8DF3E3E3BA2F}.Release|Any CPU.Build.0 = Release|Any CPU
		{77DAC353-64F3-4DAD-924E-CE98BEC2C1EB}.Debug|Any CPU.ActiveCfg = Debug|Any CPU
		{77DAC353-64F3-4DAD-924E-CE98BEC2C1EB}.Debug|Any CPU.Build.0 = Debug|Any CPU
		{77DAC353-64F3-4DAD-924E-CE98BEC2C1EB}.Release|Any CPU.ActiveCfg = Release|Any CPU
		{77DAC353-64F3-4DAD-924E-CE98BEC2C1EB}.Release|Any CPU.Build.0 = Release|Any CPU
	EndGlobalSection
EndGlobal
