
Microsoft Visual Studio Solution File, Format Version 12.00
Project("{2150E333-8FDC-42A3-9474-1A3956D46DE8}") = "src", "src", "{EEABAF50-E29C-4424-B207-43C8534EB131}"
EndProject
Project("{2150E333-8FDC-42A3-9474-1A3956D46DE8}") = "tests", "tests", "{2DD18CEA-A937-4A4C-9F28-5A350E3AF182}"
EndProject
Project("{2150E333-8FDC-42A3-9474-1A3956D46DE8}") = "Domain", "Domain", "{42299E0B-19FF-4416-96A1-F88E137D1189}"
EndProject
Project("{2150E333-8FDC-42A3-9474-1A3956D46DE8}") = "Application", "Application", "{BF188799-DA9B-458D-B290-D3CF5630857C}"
EndProject
Project("{2150E333-8FDC-42A3-9474-1A3956D46DE8}") = "Infrastructure", "Infrastructure", "{23FCA160-3F5F-4BC0-867D-71FEB0C21271}"
EndProject
Project("{2150E333-8FDC-42A3-9474-1A3956D46DE8}") = "Presentation", "Presentation", "{9BAB97D1-2A60-4AF8-9DB9-3810F8364B2D}"
EndProject
Project("{2150E333-8FDC-42A3-9474-1A3956D46DE8}") = "Playground", "Playground", "{907F152B-4CB7-48FA-9F08-3591E8DBE29E}"
EndProject
Project("{FAE04EC0-301F-11D3-BF4B-00C04F79EFBC}") = "Domain.Core", "src\Domain\Domain.Core\Domain.Core.csproj", "{0F170000-5942-4D4D-86BF-EA819CA2A0E7}"
EndProject
Project("{FAE04EC0-301F-11D3-BF4B-00C04F79EFBC}") = "Domain.Common", "src\Domain\Domain.Common\Domain.Common.csproj", "{92C03EB4-11E4-4E5F-B034-8428F047213B}"
EndProject
Project("{FAE04EC0-301F-11D3-BF4B-00C04F79EFBC}") = "Test.Core", "tests\Test.Core\Test.Core.csproj", "{EB0D1D41-5ED3-426A-A4A1-E3B93149A5ED}"
EndProject
Project("{FAE04EC0-301F-11D3-BF4B-00C04F79EFBC}") = "Infrastructure.Tools", "src\Infrastructure\Infrastructure.Tools\Infrastructure.Tools.csproj", "{0C438E6A-5E93-4907-B438-A2174C22E256}"
EndProject
Global
	GlobalSection(SolutionConfigurationPlatforms) = preSolution
		Debug|Any CPU = Debug|Any CPU
		Release|Any CPU = Release|Any CPU
	EndGlobalSection
	GlobalSection(NestedProjects) = preSolution
		{0F170000-5942-4D4D-86BF-EA819CA2A0E7} = {42299E0B-19FF-4416-96A1-F88E137D1189}
		{92C03EB4-11E4-4E5F-B034-8428F047213B} = {42299E0B-19FF-4416-96A1-F88E137D1189}
		{BF188799-DA9B-458D-B290-D3CF5630857C} = {EEABAF50-E29C-4424-B207-43C8534EB131}
		{42299E0B-19FF-4416-96A1-F88E137D1189} = {EEABAF50-E29C-4424-B207-43C8534EB131}
		{23FCA160-3F5F-4BC0-867D-71FEB0C21271} = {EEABAF50-E29C-4424-B207-43C8534EB131}
		{907F152B-4CB7-48FA-9F08-3591E8DBE29E} = {EEABAF50-E29C-4424-B207-43C8534EB131}
		{9BAB97D1-2A60-4AF8-9DB9-3810F8364B2D} = {EEABAF50-E29C-4424-B207-43C8534EB131}
		{EB0D1D41-5ED3-426A-A4A1-E3B93149A5ED} = {2DD18CEA-A937-4A4C-9F28-5A350E3AF182}
		{0C438E6A-5E93-4907-B438-A2174C22E256} = {23FCA160-3F5F-4BC0-867D-71FEB0C21271}
	EndGlobalSection
	GlobalSection(ProjectConfigurationPlatforms) = postSolution
		{0F170000-5942-4D4D-86BF-EA819CA2A0E7}.Debug|Any CPU.ActiveCfg = Debug|Any CPU
		{0F170000-5942-4D4D-86BF-EA819CA2A0E7}.Debug|Any CPU.Build.0 = Debug|Any CPU
		{0F170000-5942-4D4D-86BF-EA819CA2A0E7}.Release|Any CPU.ActiveCfg = Release|Any CPU
		{0F170000-5942-4D4D-86BF-EA819CA2A0E7}.Release|Any CPU.Build.0 = Release|Any CPU
		{92C03EB4-11E4-4E5F-B034-8428F047213B}.Debug|Any CPU.ActiveCfg = Debug|Any CPU
		{92C03EB4-11E4-4E5F-B034-8428F047213B}.Debug|Any CPU.Build.0 = Debug|Any CPU
		{92C03EB4-11E4-4E5F-B034-8428F047213B}.Release|Any CPU.ActiveCfg = Release|Any CPU
		{92C03EB4-11E4-4E5F-B034-8428F047213B}.Release|Any CPU.Build.0 = Release|Any CPU
		{EB0D1D41-5ED3-426A-A4A1-E3B93149A5ED}.Debug|Any CPU.ActiveCfg = Debug|Any CPU
		{EB0D1D41-5ED3-426A-A4A1-E3B93149A5ED}.Debug|Any CPU.Build.0 = Debug|Any CPU
		{EB0D1D41-5ED3-426A-A4A1-E3B93149A5ED}.Release|Any CPU.ActiveCfg = Release|Any CPU
		{EB0D1D41-5ED3-426A-A4A1-E3B93149A5ED}.Release|Any CPU.Build.0 = Release|Any CPU
		{0C438E6A-5E93-4907-B438-A2174C22E256}.Debug|Any CPU.ActiveCfg = Debug|Any CPU
		{0C438E6A-5E93-4907-B438-A2174C22E256}.Debug|Any CPU.Build.0 = Debug|Any CPU
		{0C438E6A-5E93-4907-B438-A2174C22E256}.Release|Any CPU.ActiveCfg = Release|Any CPU
		{0C438E6A-5E93-4907-B438-A2174C22E256}.Release|Any CPU.Build.0 = Release|Any CPU
	EndGlobalSection
EndGlobal
